PODS:
  - Expecta (1.0.5)
  - FunkyObjC (1.0):
    - FunkyObjC/Collections (= 1.0)
    - FunkyObjC/Core (= 1.0)
    - FunkyObjC/Interface (= 1.0)
  - FunkyObjC/Collections (1.0):
    - FunkyObjC/Collections/Array (= 1.0)
    - FunkyObjC/Collections/Dictionary (= 1.0)
    - FunkyObjC/Collections/Set (= 1.0)
    - FunkyObjC/Core
  - FunkyObjC/Collections/Array (1.0):
    - FunkyObjC/Core
  - FunkyObjC/Collections/Dictionary (1.0):
    - FunkyObjC/Core
  - FunkyObjC/Collections/Set (1.0):
    - FunkyObjC/Core
  - FunkyObjC/Core (1.0)
  - FunkyObjC/Interface (1.0):
    - FunkyObjC/Core
    - FunkyObjC/Interface/Array (= 1.0)
    - FunkyObjC/Interface/Dictionary (= 1.0)
    - FunkyObjC/Interface/Object (= 1.0)
    - FunkyObjC/Interface/Set (= 1.0)
  - FunkyObjC/Interface/Array (1.0):
    - FunkyObjC/Core
  - FunkyObjC/Interface/Dictionary (1.0):
    - FunkyObjC/Core
  - FunkyObjC/Interface/Object (1.0):
    - FunkyObjC/Core
  - FunkyObjC/Interface/Set (1.0):
    - FunkyObjC/Core
  - OCMock (3.4)
  - Specta (1.0.6)

DEPENDENCIES:
  - Expecta
  - FunkyObjC (from `../`)
  - OCMock
  - Specta

EXTERNAL SOURCES:
  FunkyObjC:
    :path: "../"

SPEC CHECKSUMS:
  Expecta: e1c022fcd33910b6be89c291d2775b3fe27a89fe
  FunkyObjC: 7db97705934830b94f2359f1879256948d42fa3b
  OCMock: 35ae71d6a8fcc1b59434d561d1520b9dd4f15765
  Specta: f506f3a8361de16bc0dcf3b17b75e269072ba465

PODFILE CHECKSUM: a5baae9f415e37d4976ba23ef59f23c2527ae0d1

COCOAPODS: 1.2.0
