// !$*UTF8*$!
{
	archiveVersion = 1;
	classes = {
	};
	objectVersion = 46;
	objects = {

/* Begin PBXBuildFile section */
		3A0522321E87F2B400A10E4A /* FunkyArraySortTests.m in Sources */ = {isa = PBXBuildFile; fileRef = 3A05222D1E87F2B400A10E4A /* FunkyArraySortTests.m */; };
		3A05223A1E87F38C00A10E4A /* FunkyObjectUtilitiesTests.m in Sources */ = {isa = PBXBuildFile; fileRef = 3A0522351E87F38C00A10E4A /* FunkyObjectUtilitiesTests.m */; };
		3A05223B1E87F38C00A10E4A /* FunkyDictionaryUtilitiesTests.m in Sources */ = {isa = PBXBuildFile; fileRef = 3A0522361E87F38C00A10E4A /* FunkyDictionaryUtilitiesTests.m */; };
		3A05223C1E87F38C00A10E4A /* FunkyCollectionUtilitiesOnSetTests.m in Sources */ = {isa = PBXBuildFile; fileRef = 3A0522371E87F38C00A10E4A /* FunkyCollectionUtilitiesOnSetTests.m */; };
		3A05223D1E87F38C00A10E4A /* FunkyCollectionUtilitiesOnArrayTests.m in Sources */ = {isa = PBXBuildFile; fileRef = 3A0522381E87F38C00A10E4A /* FunkyCollectionUtilitiesOnArrayTests.m */; };
		3A05223E1E87F38C00A10E4A /* FunkyArrayUtilitiesTests.m in Sources */ = {isa = PBXBuildFile; fileRef = 3A0522391E87F38C00A10E4A /* FunkyArrayUtilitiesTests.m */; };
		3A0522571E887AC600A10E4A /* FunkyArrayFilterTests.m in Sources */ = {isa = PBXBuildFile; fileRef = 3A0522561E887AC600A10E4A /* FunkyArrayFilterTests.m */; };
		3A2AF8661E96F800006ED09C /* FunkyNSArrayPrefixedUtilitiesTests.m in Sources */ = {isa = PBXBuildFile; fileRef = 3A2AF85D1E96F800006ED09C /* FunkyNSArrayPrefixedUtilitiesTests.m */; };
		3A2AF8671E96F800006ED09C /* FunkyNSArrayUtilitiesTests.m in Sources */ = {isa = PBXBuildFile; fileRef = 3A2AF85E1E96F800006ED09C /* FunkyNSArrayUtilitiesTests.m */; };
		3A2AF8681E96F800006ED09C /* FunkyNSMutableArrayPrefixedUtilitiesTests.m in Sources */ = {isa = PBXBuildFile; fileRef = 3A2AF85F1E96F800006ED09C /* FunkyNSMutableArrayPrefixedUtilitiesTests.m */; };
		3A2AF8691E96F800006ED09C /* FunkyNSMutableArrayUtilitiesTests.m in Sources */ = {isa = PBXBuildFile; fileRef = 3A2AF8601E96F800006ED09C /* FunkyNSMutableArrayUtilitiesTests.m */; };
		3A2AF8711E96F818006ED09C /* FunkyNilStoringNSArrayTests.m in Sources */ = {isa = PBXBuildFile; fileRef = 3A2AF86D1E96F818006ED09C /* FunkyNilStoringNSArrayTests.m */; };
		3A2AF8721E96F818006ED09C /* FunkyNilTolerantNSArrayTests.m in Sources */ = {isa = PBXBuildFile; fileRef = 3A2AF86E1E96F818006ED09C /* FunkyNilTolerantNSArrayTests.m */; };
		3A2AF8731E96F818006ED09C /* FunkyNSArraySubclassTests.m in Sources */ = {isa = PBXBuildFile; fileRef = 3A2AF86F1E96F818006ED09C /* FunkyNSArraySubclassTests.m */; };
		3A2AF8741E96F818006ED09C /* FunkyNSMutableArraySubclassTests.m in Sources */ = {isa = PBXBuildFile; fileRef = 3A2AF8701E96F818006ED09C /* FunkyNSMutableArraySubclassTests.m */; };
		3A2AF8821E96F8DA006ED09C /* FunkyNSObjectUtilitiesTests.m in Sources */ = {isa = PBXBuildFile; fileRef = 3A2AF8811E96F8DA006ED09C /* FunkyNSObjectUtilitiesTests.m */; };
		3A2AF8851E96FA1F006ED09C /* MockedObjectUtilities.m in Sources */ = {isa = PBXBuildFile; fileRef = 3A2AF8841E96FA1F006ED09C /* MockedObjectUtilities.m */; };
		3A2AF88B1E96FEFA006ED09C /* FunkyNSObjectPrefixedUtilitiesTests.m in Sources */ = {isa = PBXBuildFile; fileRef = 3A2AF88A1E96FEFA006ED09C /* FunkyNSObjectPrefixedUtilitiesTests.m */; };
		3AF528AB1E97F0E50029015F /* MockedDictionaryUtilities.m in Sources */ = {isa = PBXBuildFile; fileRef = 3AF528AA1E97F0E50029015F /* MockedDictionaryUtilities.m */; };
		3AF528AD1E97F1B20029015F /* FunkyNSDictionaryUtilitiesTests.m in Sources */ = {isa = PBXBuildFile; fileRef = 3AF528AC1E97F1B20029015F /* FunkyNSDictionaryUtilitiesTests.m */; };
		3AF528AF1E97F1CC0029015F /* FunkyNSDictionaryPrefixedUtilitiesTests.m in Sources */ = {isa = PBXBuildFile; fileRef = 3AF528AE1E97F1CC0029015F /* FunkyNSDictionaryPrefixedUtilitiesTests.m */; };
		3AF528B11E97F2430029015F /* FunkyNSMutableDictionaryUtilitiesTests.m in Sources */ = {isa = PBXBuildFile; fileRef = 3AF528B01E97F2430029015F /* FunkyNSMutableDictionaryUtilitiesTests.m */; };
		3AF528B31E97F24D0029015F /* FunkyNSMutableDictionaryPrefixedUtilitiesTests.m in Sources */ = {isa = PBXBuildFile; fileRef = 3AF528B21E97F24D0029015F /* FunkyNSMutableDictionaryPrefixedUtilitiesTests.m */; };
		3AF528B61E97F2660029015F /* MockedMutableDictionaryUtilities.m in Sources */ = {isa = PBXBuildFile; fileRef = 3AF528B51E97F2660029015F /* MockedMutableDictionaryUtilities.m */; };
		3AFA06B81E97F902007084D0 /* MockedArrayUtilities.m in Sources */ = {isa = PBXBuildFile; fileRef = 3AFA06B41E97F902007084D0 /* MockedArrayUtilities.m */; };
		3AFA06B91E97F902007084D0 /* MockedMutableArrayUtilities.m in Sources */ = {isa = PBXBuildFile; fileRef = 3AFA06B71E97F902007084D0 /* MockedMutableArrayUtilities.m */; };
		3AFA06BC1E97FC89007084D0 /* MockedSetUtilities.m in Sources */ = {isa = PBXBuildFile; fileRef = 3AFA06BB1E97FC89007084D0 /* MockedSetUtilities.m */; };
		3AFA06BF1E97FC98007084D0 /* MockedMutableSetUtilities.m in Sources */ = {isa = PBXBuildFile; fileRef = 3AFA06BE1E97FC98007084D0 /* MockedMutableSetUtilities.m */; };
		3AFA06C11E97FCA7007084D0 /* FunkyNSSetUtilitiesTests.m in Sources */ = {isa = PBXBuildFile; fileRef = 3AFA06C01E97FCA7007084D0 /* FunkyNSSetUtilitiesTests.m */; };
		3AFA06C31E97FCB5007084D0 /* FunkyNSMutableSetUtilitiesTests.m in Sources */ = {isa = PBXBuildFile; fileRef = 3AFA06C21E97FCB5007084D0 /* FunkyNSMutableSetUtilitiesTests.m */; };
		3AFA06C51E97FCC1007084D0 /* FunkyNSSetPrefixedUtilitiesTests.m in Sources */ = {isa = PBXBuildFile; fileRef = 3AFA06C41E97FCC1007084D0 /* FunkyNSSetPrefixedUtilitiesTests.m */; };
		3AFA06C71E97FCCF007084D0 /* FunkyNSMutableSetPrefixedUtilitiesTests.m in Sources */ = {isa = PBXBuildFile; fileRef = 3AFA06C61E97FCCF007084D0 /* FunkyNSMutableSetPrefixedUtilitiesTests.m */; };
		3AFA06C91E980337007084D0 /* FunkyNilStoringNSSetTests.m in Sources */ = {isa = PBXBuildFile; fileRef = 3AFA06C81E980337007084D0 /* FunkyNilStoringNSSetTests.m */; };
		3AFA06CD1E980352007084D0 /* FunkyNilTolerantNSSetTests.m in Sources */ = {isa = PBXBuildFile; fileRef = 3AFA06CC1E980352007084D0 /* FunkyNilTolerantNSSetTests.m */; };
		3AFA06D11E99099A007084D0 /* FunkyNSSetSubclassTests.m in Sources */ = {isa = PBXBuildFile; fileRef = 3AFA06D01E99099A007084D0 /* FunkyNSSetSubclassTests.m */; };
		3AFA06D31E9909AA007084D0 /* FunkyNSMutableSetSubclassTests.m in Sources */ = {isa = PBXBuildFile; fileRef = 3AFA06D21E9909AA007084D0 /* FunkyNSMutableSetSubclassTests.m */; };
		3AFA06D51E9919F7007084D0 /* FunkyNSDictionarySubclassTests.m in Sources */ = {isa = PBXBuildFile; fileRef = 3AFA06D41E9919F7007084D0 /* FunkyNSDictionarySubclassTests.m */; };
		3AFA06D71E991A02007084D0 /* FunkyNSMutableDictionarySubclassTests.m in Sources */ = {isa = PBXBuildFile; fileRef = 3AFA06D61E991A02007084D0 /* FunkyNSMutableDictionarySubclassTests.m */; };
		3AFA06D91E991A15007084D0 /* FunkyNilStoringNSDictionaryTests.m in Sources */ = {isa = PBXBuildFile; fileRef = 3AFA06D81E991A15007084D0 /* FunkyNilStoringNSDictionaryTests.m */; };
		3AFA06DB1E991A24007084D0 /* FunkyNilTolerantNSDictionaryTests.m in Sources */ = {isa = PBXBuildFile; fileRef = 3AFA06DA1E991A24007084D0 /* FunkyNilTolerantNSDictionaryTests.m */; };
		6003F58E195388D20070C39A /* Foundation.framework in Frameworks */ = {isa = PBXBuildFile; fileRef = 6003F58D195388D20070C39A /* Foundation.framework */; };
		6003F590195388D20070C39A /* CoreGraphics.framework in Frameworks */ = {isa = PBXBuildFile; fileRef = 6003F58F195388D20070C39A /* CoreGraphics.framework */; };
		6003F592195388D20070C39A /* UIKit.framework in Frameworks */ = {isa = PBXBuildFile; fileRef = 6003F591195388D20070C39A /* UIKit.framework */; };
		6003F598195388D20070C39A /* InfoPlist.strings in Resources */ = {isa = PBXBuildFile; fileRef = 6003F596195388D20070C39A /* InfoPlist.strings */; };
		6003F59A195388D20070C39A /* main.m in Sources */ = {isa = PBXBuildFile; fileRef = 6003F599195388D20070C39A /* main.m */; };
		6003F59E195388D20070C39A /* FunkyAppDelegate.m in Sources */ = {isa = PBXBuildFile; fileRef = 6003F59D195388D20070C39A /* FunkyAppDelegate.m */; };
		6003F5A7195388D20070C39A /* FunkyViewController.m in Sources */ = {isa = PBXBuildFile; fileRef = 6003F5A6195388D20070C39A /* FunkyViewController.m */; };
		6003F5A9195388D20070C39A /* Images.xcassets in Resources */ = {isa = PBXBuildFile; fileRef = 6003F5A8195388D20070C39A /* Images.xcassets */; };
		6003F5B0195388D20070C39A /* XCTest.framework in Frameworks */ = {isa = PBXBuildFile; fileRef = 6003F5AF195388D20070C39A /* XCTest.framework */; };
		6003F5B1195388D20070C39A /* Foundation.framework in Frameworks */ = {isa = PBXBuildFile; fileRef = 6003F58D195388D20070C39A /* Foundation.framework */; };
		6003F5B2195388D20070C39A /* UIKit.framework in Frameworks */ = {isa = PBXBuildFile; fileRef = 6003F591195388D20070C39A /* UIKit.framework */; };
		6003F5BA195388D20070C39A /* InfoPlist.strings in Resources */ = {isa = PBXBuildFile; fileRef = 6003F5B8195388D20070C39A /* InfoPlist.strings */; };
		71719F9F1E33DC2100824A3D /* LaunchScreen.storyboard in Resources */ = {isa = PBXBuildFile; fileRef = 71719F9D1E33DC2100824A3D /* LaunchScreen.storyboard */; };
		873B8AEB1B1F5CCA007FD442 /* Main.storyboard in Resources */ = {isa = PBXBuildFile; fileRef = 873B8AEA1B1F5CCA007FD442 /* Main.storyboard */; };
		9C58A054FF8301F6807CA1D3 /* Pods_Funky_Example.framework in Frameworks */ = {isa = PBXBuildFile; fileRef = 3B4FB3DEB95A7CF9258573DD /* Pods_Funky_Example.framework */; };
		AD1476A410AF65B5B66024DA /* Pods_Funky_Tests.framework in Frameworks */ = {isa = PBXBuildFile; fileRef = D9AB7CCF8E506B18696679F6 /* Pods_Funky_Tests.framework */; };
/* End PBXBuildFile section */

/* Begin PBXContainerItemProxy section */
		6003F5B3195388D20070C39A /* PBXContainerItemProxy */ = {
			isa = PBXContainerItemProxy;
			containerPortal = 6003F582195388D10070C39A /* Project object */;
			proxyType = 1;
			remoteGlobalIDString = 6003F589195388D20070C39A;
			remoteInfo = Funky;
		};
/* End PBXContainerItemProxy section */

/* Begin PBXFileReference section */
		19B394B466610E6E349DFBD6 /* Pods-Funky_Tests.debug.xcconfig */ = {isa = PBXFileReference; includeInIndex = 1; lastKnownFileType = text.xcconfig; name = "Pods-Funky_Tests.debug.xcconfig"; path = "Pods/Target Support Files/Pods-Funky_Tests/Pods-Funky_Tests.debug.xcconfig"; sourceTree = "<group>"; };
		3A05222D1E87F2B400A10E4A /* FunkyArraySortTests.m */ = {isa = PBXFileReference; fileEncoding = 4; lastKnownFileType = sourcecode.c.objc; path = FunkyArraySortTests.m; sourceTree = "<group>"; };
		3A0522351E87F38C00A10E4A /* FunkyObjectUtilitiesTests.m */ = {isa = PBXFileReference; fileEncoding = 4; lastKnownFileType = sourcecode.c.objc; path = FunkyObjectUtilitiesTests.m; sourceTree = "<group>"; };
		3A0522361E87F38C00A10E4A /* FunkyDictionaryUtilitiesTests.m */ = {isa = PBXFileReference; fileEncoding = 4; lastKnownFileType = sourcecode.c.objc; path = FunkyDictionaryUtilitiesTests.m; sourceTree = "<group>"; };
		3A0522371E87F38C00A10E4A /* FunkyCollectionUtilitiesOnSetTests.m */ = {isa = PBXFileReference; fileEncoding = 4; lastKnownFileType = sourcecode.c.objc; path = FunkyCollectionUtilitiesOnSetTests.m; sourceTree = "<group>"; };
		3A0522381E87F38C00A10E4A /* FunkyCollectionUtilitiesOnArrayTests.m */ = {isa = PBXFileReference; fileEncoding = 4; lastKnownFileType = sourcecode.c.objc; path = FunkyCollectionUtilitiesOnArrayTests.m; sourceTree = "<group>"; };
		3A0522391E87F38C00A10E4A /* FunkyArrayUtilitiesTests.m */ = {isa = PBXFileReference; fileEncoding = 4; lastKnownFileType = sourcecode.c.objc; path = FunkyArrayUtilitiesTests.m; sourceTree = "<group>"; };
		3A0522561E887AC600A10E4A /* FunkyArrayFilterTests.m */ = {isa = PBXFileReference; fileEncoding = 4; lastKnownFileType = sourcecode.c.objc; path = FunkyArrayFilterTests.m; sourceTree = "<group>"; };
		3A2AF85D1E96F800006ED09C /* FunkyNSArrayPrefixedUtilitiesTests.m */ = {isa = PBXFileReference; fileEncoding = 4; lastKnownFileType = sourcecode.c.objc; path = FunkyNSArrayPrefixedUtilitiesTests.m; sourceTree = "<group>"; };
		3A2AF85E1E96F800006ED09C /* FunkyNSArrayUtilitiesTests.m */ = {isa = PBXFileReference; fileEncoding = 4; lastKnownFileType = sourcecode.c.objc; path = FunkyNSArrayUtilitiesTests.m; sourceTree = "<group>"; };
		3A2AF85F1E96F800006ED09C /* FunkyNSMutableArrayPrefixedUtilitiesTests.m */ = {isa = PBXFileReference; fileEncoding = 4; lastKnownFileType = sourcecode.c.objc; path = FunkyNSMutableArrayPrefixedUtilitiesTests.m; sourceTree = "<group>"; };
		3A2AF8601E96F800006ED09C /* FunkyNSMutableArrayUtilitiesTests.m */ = {isa = PBXFileReference; fileEncoding = 4; lastKnownFileType = sourcecode.c.objc; path = FunkyNSMutableArrayUtilitiesTests.m; sourceTree = "<group>"; };
		3A2AF86D1E96F818006ED09C /* FunkyNilStoringNSArrayTests.m */ = {isa = PBXFileReference; fileEncoding = 4; lastKnownFileType = sourcecode.c.objc; path = FunkyNilStoringNSArrayTests.m; sourceTree = "<group>"; };
		3A2AF86E1E96F818006ED09C /* FunkyNilTolerantNSArrayTests.m */ = {isa = PBXFileReference; fileEncoding = 4; lastKnownFileType = sourcecode.c.objc; path = FunkyNilTolerantNSArrayTests.m; sourceTree = "<group>"; };
		3A2AF86F1E96F818006ED09C /* FunkyNSArraySubclassTests.m */ = {isa = PBXFileReference; fileEncoding = 4; lastKnownFileType = sourcecode.c.objc; path = FunkyNSArraySubclassTests.m; sourceTree = "<group>"; };
		3A2AF8701E96F818006ED09C /* FunkyNSMutableArraySubclassTests.m */ = {isa = PBXFileReference; fileEncoding = 4; lastKnownFileType = sourcecode.c.objc; path = FunkyNSMutableArraySubclassTests.m; sourceTree = "<group>"; };
		3A2AF8811E96F8DA006ED09C /* FunkyNSObjectUtilitiesTests.m */ = {isa = PBXFileReference; fileEncoding = 4; lastKnownFileType = sourcecode.c.objc; path = FunkyNSObjectUtilitiesTests.m; sourceTree = "<group>"; };
		3A2AF8831E96FA1F006ED09C /* MockedObjectUtilities.h */ = {isa = PBXFileReference; fileEncoding = 4; lastKnownFileType = sourcecode.c.h; path = MockedObjectUtilities.h; sourceTree = "<group>"; };
		3A2AF8841E96FA1F006ED09C /* MockedObjectUtilities.m */ = {isa = PBXFileReference; fileEncoding = 4; lastKnownFileType = sourcecode.c.objc; path = MockedObjectUtilities.m; sourceTree = "<group>"; };
		3A2AF88A1E96FEFA006ED09C /* FunkyNSObjectPrefixedUtilitiesTests.m */ = {isa = PBXFileReference; fileEncoding = 4; lastKnownFileType = sourcecode.c.objc; path = FunkyNSObjectPrefixedUtilitiesTests.m; sourceTree = "<group>"; };
		3AF528A91E97F0E50029015F /* MockedDictionaryUtilities.h */ = {isa = PBXFileReference; fileEncoding = 4; lastKnownFileType = sourcecode.c.h; path = MockedDictionaryUtilities.h; sourceTree = "<group>"; };
		3AF528AA1E97F0E50029015F /* MockedDictionaryUtilities.m */ = {isa = PBXFileReference; fileEncoding = 4; lastKnownFileType = sourcecode.c.objc; path = MockedDictionaryUtilities.m; sourceTree = "<group>"; };
		3AF528AC1E97F1B20029015F /* FunkyNSDictionaryUtilitiesTests.m */ = {isa = PBXFileReference; fileEncoding = 4; lastKnownFileType = sourcecode.c.objc; path = FunkyNSDictionaryUtilitiesTests.m; sourceTree = "<group>"; };
		3AF528AE1E97F1CC0029015F /* FunkyNSDictionaryPrefixedUtilitiesTests.m */ = {isa = PBXFileReference; fileEncoding = 4; lastKnownFileType = sourcecode.c.objc; path = FunkyNSDictionaryPrefixedUtilitiesTests.m; sourceTree = "<group>"; };
		3AF528B01E97F2430029015F /* FunkyNSMutableDictionaryUtilitiesTests.m */ = {isa = PBXFileReference; fileEncoding = 4; lastKnownFileType = sourcecode.c.objc; path = FunkyNSMutableDictionaryUtilitiesTests.m; sourceTree = "<group>"; };
		3AF528B21E97F24D0029015F /* FunkyNSMutableDictionaryPrefixedUtilitiesTests.m */ = {isa = PBXFileReference; fileEncoding = 4; lastKnownFileType = sourcecode.c.objc; path = FunkyNSMutableDictionaryPrefixedUtilitiesTests.m; sourceTree = "<group>"; };
		3AF528B41E97F2660029015F /* MockedMutableDictionaryUtilities.h */ = {isa = PBXFileReference; fileEncoding = 4; lastKnownFileType = sourcecode.c.h; path = MockedMutableDictionaryUtilities.h; sourceTree = "<group>"; };
		3AF528B51E97F2660029015F /* MockedMutableDictionaryUtilities.m */ = {isa = PBXFileReference; fileEncoding = 4; lastKnownFileType = sourcecode.c.objc; path = MockedMutableDictionaryUtilities.m; sourceTree = "<group>"; };
		3AFA06B41E97F902007084D0 /* MockedArrayUtilities.m */ = {isa = PBXFileReference; fileEncoding = 4; lastKnownFileType = sourcecode.c.objc; path = MockedArrayUtilities.m; sourceTree = "<group>"; };
		3AFA06B51E97F902007084D0 /* MockedMutableArrayUtilities.h */ = {isa = PBXFileReference; fileEncoding = 4; lastKnownFileType = sourcecode.c.h; path = MockedMutableArrayUtilities.h; sourceTree = "<group>"; };
		3AFA06B61E97F902007084D0 /* MockedArrayUtilities.h */ = {isa = PBXFileReference; fileEncoding = 4; lastKnownFileType = sourcecode.c.h; path = MockedArrayUtilities.h; sourceTree = "<group>"; };
		3AFA06B71E97F902007084D0 /* MockedMutableArrayUtilities.m */ = {isa = PBXFileReference; fileEncoding = 4; lastKnownFileType = sourcecode.c.objc; path = MockedMutableArrayUtilities.m; sourceTree = "<group>"; };
		3AFA06BA1E97FC89007084D0 /* MockedSetUtilities.h */ = {isa = PBXFileReference; fileEncoding = 4; lastKnownFileType = sourcecode.c.h; path = MockedSetUtilities.h; sourceTree = "<group>"; };
		3AFA06BB1E97FC89007084D0 /* MockedSetUtilities.m */ = {isa = PBXFileReference; fileEncoding = 4; lastKnownFileType = sourcecode.c.objc; path = MockedSetUtilities.m; sourceTree = "<group>"; };
		3AFA06BD1E97FC98007084D0 /* MockedMutableSetUtilities.h */ = {isa = PBXFileReference; fileEncoding = 4; lastKnownFileType = sourcecode.c.h; path = MockedMutableSetUtilities.h; sourceTree = "<group>"; };
		3AFA06BE1E97FC98007084D0 /* MockedMutableSetUtilities.m */ = {isa = PBXFileReference; fileEncoding = 4; lastKnownFileType = sourcecode.c.objc; path = MockedMutableSetUtilities.m; sourceTree = "<group>"; };
		3AFA06C01E97FCA7007084D0 /* FunkyNSSetUtilitiesTests.m */ = {isa = PBXFileReference; fileEncoding = 4; lastKnownFileType = sourcecode.c.objc; path = FunkyNSSetUtilitiesTests.m; sourceTree = "<group>"; };
		3AFA06C21E97FCB5007084D0 /* FunkyNSMutableSetUtilitiesTests.m */ = {isa = PBXFileReference; fileEncoding = 4; lastKnownFileType = sourcecode.c.objc; path = FunkyNSMutableSetUtilitiesTests.m; sourceTree = "<group>"; };
		3AFA06C41E97FCC1007084D0 /* FunkyNSSetPrefixedUtilitiesTests.m */ = {isa = PBXFileReference; fileEncoding = 4; lastKnownFileType = sourcecode.c.objc; path = FunkyNSSetPrefixedUtilitiesTests.m; sourceTree = "<group>"; };
		3AFA06C61E97FCCF007084D0 /* FunkyNSMutableSetPrefixedUtilitiesTests.m */ = {isa = PBXFileReference; fileEncoding = 4; lastKnownFileType = sourcecode.c.objc; path = FunkyNSMutableSetPrefixedUtilitiesTests.m; sourceTree = "<group>"; };
		3AFA06C81E980337007084D0 /* FunkyNilStoringNSSetTests.m */ = {isa = PBXFileReference; fileEncoding = 4; lastKnownFileType = sourcecode.c.objc; path = FunkyNilStoringNSSetTests.m; sourceTree = "<group>"; };
		3AFA06CC1E980352007084D0 /* FunkyNilTolerantNSSetTests.m */ = {isa = PBXFileReference; fileEncoding = 4; lastKnownFileType = sourcecode.c.objc; path = FunkyNilTolerantNSSetTests.m; sourceTree = "<group>"; };
		3AFA06D01E99099A007084D0 /* FunkyNSSetSubclassTests.m */ = {isa = PBXFileReference; fileEncoding = 4; lastKnownFileType = sourcecode.c.objc; path = FunkyNSSetSubclassTests.m; sourceTree = "<group>"; };
		3AFA06D21E9909AA007084D0 /* FunkyNSMutableSetSubclassTests.m */ = {isa = PBXFileReference; fileEncoding = 4; lastKnownFileType = sourcecode.c.objc; path = FunkyNSMutableSetSubclassTests.m; sourceTree = "<group>"; };
		3AFA06D41E9919F7007084D0 /* FunkyNSDictionarySubclassTests.m */ = {isa = PBXFileReference; fileEncoding = 4; lastKnownFileType = sourcecode.c.objc; path = FunkyNSDictionarySubclassTests.m; sourceTree = "<group>"; };
		3AFA06D61E991A02007084D0 /* FunkyNSMutableDictionarySubclassTests.m */ = {isa = PBXFileReference; fileEncoding = 4; lastKnownFileType = sourcecode.c.objc; path = FunkyNSMutableDictionarySubclassTests.m; sourceTree = "<group>"; };
		3AFA06D81E991A15007084D0 /* FunkyNilStoringNSDictionaryTests.m */ = {isa = PBXFileReference; fileEncoding = 4; lastKnownFileType = sourcecode.c.objc; path = FunkyNilStoringNSDictionaryTests.m; sourceTree = "<group>"; };
		3AFA06DA1E991A24007084D0 /* FunkyNilTolerantNSDictionaryTests.m */ = {isa = PBXFileReference; fileEncoding = 4; lastKnownFileType = sourcecode.c.objc; path = FunkyNilTolerantNSDictionaryTests.m; sourceTree = "<group>"; };
		3B4FB3DEB95A7CF9258573DD /* Pods_Funky_Example.framework */ = {isa = PBXFileReference; explicitFileType = wrapper.framework; includeInIndex = 0; path = Pods_Funky_Example.framework; sourceTree = BUIFunky_PRODUCTS_DIR; };
		3C4D80BF1D440C5AF59D79B1 /* Pods-Funky_Tests.release.xcconfig */ = {isa = PBXFileReference; includeInIndex = 1; lastKnownFileType = text.xcconfig; name = "Pods-Funky_Tests.release.xcconfig"; path = "Pods/Target Support Files/Pods-Funky_Tests/Pods-Funky_Tests.release.xcconfig"; sourceTree = "<group>"; };
		4D582700A5044CD3B612A857 /* LICENSE */ = {isa = PBXFileReference; includeInIndex = 1; lastKnownFileType = text; name = LICENSE; path = ../LICENSE; sourceTree = "<group>"; };
		6003F58A195388D20070C39A /* Funky_Example.app */ = {isa = PBXFileReference; explicitFileType = wrapper.application; includeInIndex = 0; path = Funky_Example.app; sourceTree = BUILT_PRODUCTS_DIR; };
		6003F58D195388D20070C39A /* Foundation.framework */ = {isa = PBXFileReference; lastKnownFileType = wrapper.framework; name = Foundation.framework; path = System/Library/Frameworks/Foundation.framework; sourceTree = SDKROOT; };
		6003F58F195388D20070C39A /* CoreGraphics.framework */ = {isa = PBXFileReference; lastKnownFileType = wrapper.framework; name = CoreGraphics.framework; path = System/Library/Frameworks/CoreGraphics.framework; sourceTree = SDKROOT; };
		6003F591195388D20070C39A /* UIKit.framework */ = {isa = PBXFileReference; lastKnownFileType = wrapper.framework; name = UIKit.framework; path = System/Library/Frameworks/UIKit.framework; sourceTree = SDKROOT; };
		6003F595195388D20070C39A /* Funky-Info.plist */ = {isa = PBXFileReference; lastKnownFileType = text.plist.xml; path = "Funky-Info.plist"; sourceTree = "<group>"; };
		6003F597195388D20070C39A /* en */ = {isa = PBXFileReference; lastKnownFileType = text.plist.strings; name = en; path = en.lproj/InfoPlist.strings; sourceTree = "<group>"; };
		6003F599195388D20070C39A /* main.m */ = {isa = PBXFileReference; lastKnownFileType = sourcecode.c.objc; path = main.m; sourceTree = "<group>"; };
		6003F59B195388D20070C39A /* Funky-Prefix.pch */ = {isa = PBXFileReference; lastKnownFileType = sourcecode.c.h; path = "Funky-Prefix.pch"; sourceTree = "<group>"; };
		6003F59C195388D20070C39A /* FunkyAppDelegate.h */ = {isa = PBXFileReference; lastKnownFileType = sourcecode.c.h; path = FunkyAppDelegate.h; sourceTree = "<group>"; };
		6003F59D195388D20070C39A /* FunkyAppDelegate.m */ = {isa = PBXFileReference; lastKnownFileType = sourcecode.c.objc; path = FunkyAppDelegate.m; sourceTree = "<group>"; };
		6003F5A5195388D20070C39A /* FunkyViewController.h */ = {isa = PBXFileReference; lastKnownFileType = sourcecode.c.h; path = FunkyViewController.h; sourceTree = "<group>"; };
		6003F5A6195388D20070C39A /* FunkyViewController.m */ = {isa = PBXFileReference; lastKnownFileType = sourcecode.c.objc; path = FunkyViewController.m; sourceTree = "<group>"; };
		6003F5A8195388D20070C39A /* Images.xcassets */ = {isa = PBXFileReference; lastKnownFileType = folder.assetcatalog; path = Images.xcassets; sourceTree = "<group>"; };
		6003F5AE195388D20070C39A /* Funky_Tests.xctest */ = {isa = PBXFileReference; explicitFileType = wrapper.cfbundle; includeInIndex = 0; path = Funky_Tests.xctest; sourceTree = BUILT_PRODUCTS_DIR; };
		6003F5AF195388D20070C39A /* XCTest.framework */ = {isa = PBXFileReference; lastKnownFileType = wrapper.framework; name = XCTest.framework; path = Library/Frameworks/XCTest.framework; sourceTree = DEVELOPER_DIR; };
		6003F5B7195388D20070C39A /* Tests-Info.plist */ = {isa = PBXFileReference; lastKnownFileType = text.plist.xml; path = "Tests-Info.plist"; sourceTree = "<group>"; };
		6003F5B9195388D20070C39A /* en */ = {isa = PBXFileReference; lastKnownFileType = text.plist.strings; name = en; path = en.lproj/InfoPlist.strings; sourceTree = "<group>"; };
		606FC2411953D9B200FFA9A0 /* Tests-Prefix.pch */ = {isa = PBXFileReference; lastKnownFileType = sourcecode.c.h; path = "Tests-Prefix.pch"; sourceTree = "<group>"; };
		71719F9E1E33DC2100824A3D /* Base */ = {isa = PBXFileReference; lastKnownFileType = file.storyboard; name = Base; path = Base.lproj/LaunchScreen.storyboard; sourceTree = "<group>"; };
		873B8AEA1B1F5CCA007FD442 /* Main.storyboard */ = {isa = PBXFileReference; fileEncoding = 4; lastKnownFileType = file.storyboard; name = Main.storyboard; path = Base.lproj/Main.storyboard; sourceTree = "<group>"; };
		99ACC254D846631E2D51D27F /* Pods-Funky_Example.release.xcconfig */ = {isa = PBXFileReference; includeInIndex = 1; lastKnownFileType = text.xcconfig; name = "Pods-Funky_Example.release.xcconfig"; path = "Pods/Target Support Files/Pods-Funky_Example/Pods-Funky_Example.release.xcconfig"; sourceTree = "<group>"; };
		B2CEA67F446A347461104995 /* Pods-Funky_Example.debug.xcconfig */ = {isa = PBXFileReference; includeInIndex = 1; lastKnownFileType = text.xcconfig; name = "Pods-Funky_Example.debug.xcconfig"; path = "Pods/Target Support Files/Pods-Funky_Example/Pods-Funky_Example.debug.xcconfig"; sourceTree = "<group>"; };
		D9AB7CCF8E506B18696679F6 /* Pods_Funky_Tests.framework */ = {isa = PBXFileReference; explicitFileType = wrapper.framework; includeInIndex = 0; path = Pods_Funky_Tests.framework; sourceTree = BUIFunky_PRODUCTS_DIR; };
		EF14B277059DDE0014A5ADDD /* FunkyObjC.podspec */ = {isa = PBXFileReference; includeInIndex = 1; lastKnownFileType = text; name = FunkyObjC.podspec; path = ../FunkyObjC.podspec; sourceTree = "<group>"; };
		F38F184A1DF26439875A480C /* README.md */ = {isa = PBXFileReference; includeInIndex = 1; lastKnownFileType = net.daringfireball.markdown; name = README.md; path = ../README.md; sourceTree = "<group>"; };
/* End PBXFileReference section */

/* Begin PBXFrameworksBuildPhase section */
		6003F587195388D20070C39A /* Frameworks */ = {
			isa = PBXFrameworksBuildPhase;
			buildActionMask = 2147483647;
			files = (
				6003F590195388D20070C39A /* CoreGraphics.framework in Frameworks */,
				6003F592195388D20070C39A /* UIKit.framework in Frameworks */,
				6003F58E195388D20070C39A /* Foundation.framework in Frameworks */,
				9C58A054FF8301F6807CA1D3 /* Pods_Funky_Example.framework in Frameworks */,
			);
			runOnlyForDeploymentPostprocessing = 0;
		};
		6003F5AB195388D20070C39A /* Frameworks */ = {
			isa = PBXFrameworksBuildPhase;
			buildActionMask = 2147483647;
			files = (
				6003F5B0195388D20070C39A /* XCTest.framework in Frameworks */,
				6003F5B2195388D20070C39A /* UIKit.framework in Frameworks */,
				6003F5B1195388D20070C39A /* Foundation.framework in Frameworks */,
				AD1476A410AF65B5B66024DA /* Pods_Funky_Tests.framework in Frameworks */,
			);
			runOnlyForDeploymentPostprocessing = 0;
		};
/* End PBXFrameworksBuildPhase section */

/* Begin PBXGroup section */
		3A0522291E87F2B400A10E4A /* Interfaces */ = {
			isa = PBXGroup;
			children = (
				3A2AF85C1E96F800006ED09C /* Array */,
				3A2AF8771E96F863006ED09C /* Dictionary */,
				3A2AF8791E96F863006ED09C /* Object */,
				3A2AF87B1E96F863006ED09C /* Set */,
			);
			path = Interfaces;
			sourceTree = "<group>";
		};
		3A05222A1E87F2B400A10E4A /* Utilities */ = {
			isa = PBXGroup;
			children = (
				3A0522351E87F38C00A10E4A /* FunkyObjectUtilitiesTests.m */,
				3A0522361E87F38C00A10E4A /* FunkyDictionaryUtilitiesTests.m */,
				3A0522371E87F38C00A10E4A /* FunkyCollectionUtilitiesOnSetTests.m */,
				3A0522381E87F38C00A10E4A /* FunkyCollectionUtilitiesOnArrayTests.m */,
				3A0522391E87F38C00A10E4A /* FunkyArrayUtilitiesTests.m */,
			);
			path = Utilities;
			sourceTree = "<group>";
		};
		3A05222C1E87F2B400A10E4A /* Sorting */ = {
			isa = PBXGroup;
			children = (
				3A05222D1E87F2B400A10E4A /* FunkyArraySortTests.m */,
				3A0522561E887AC600A10E4A /* FunkyArrayFilterTests.m */,
			);
			path = Sorting;
			sourceTree = "<group>";
		};
		3A05222E1E87F2B400A10E4A /* Subclasses */ = {
			isa = PBXGroup;
			children = (
				3A2AF86C1E96F817006ED09C /* Array */,
				3A2AF8751E96F847006ED09C /* Dictionary */,
				3A2AF8761E96F847006ED09C /* Set */,
			);
			path = Subclasses;
			sourceTree = "<group>";
		};
		3A2AF85C1E96F800006ED09C /* Array */ = {
			isa = PBXGroup;
			children = (
				3A2AF85D1E96F800006ED09C /* FunkyNSArrayPrefixedUtilitiesTests.m */,
				3A2AF85E1E96F800006ED09C /* FunkyNSArrayUtilitiesTests.m */,
				3A2AF85F1E96F800006ED09C /* FunkyNSMutableArrayPrefixedUtilitiesTests.m */,
				3A2AF8601E96F800006ED09C /* FunkyNSMutableArrayUtilitiesTests.m */,
				3A2AF8611E96F800006ED09C /* Mock */,
			);
			path = Array;
			sourceTree = "<group>";
		};
		3A2AF8611E96F800006ED09C /* Mock */ = {
			isa = PBXGroup;
			children = (
				3AFA06B61E97F902007084D0 /* MockedArrayUtilities.h */,
				3AFA06B41E97F902007084D0 /* MockedArrayUtilities.m */,
				3AFA06B51E97F902007084D0 /* MockedMutableArrayUtilities.h */,
				3AFA06B71E97F902007084D0 /* MockedMutableArrayUtilities.m */,
			);
			path = Mock;
			sourceTree = "<group>";
		};
		3A2AF86C1E96F817006ED09C /* Array */ = {
			isa = PBXGroup;
			children = (
				3A2AF86D1E96F818006ED09C /* FunkyNilStoringNSArrayTests.m */,
				3A2AF86E1E96F818006ED09C /* FunkyNilTolerantNSArrayTests.m */,
				3A2AF86F1E96F818006ED09C /* FunkyNSArraySubclassTests.m */,
				3A2AF8701E96F818006ED09C /* FunkyNSMutableArraySubclassTests.m */,
			);
			path = Array;
			sourceTree = "<group>";
		};
		3A2AF8751E96F847006ED09C /* Dictionary */ = {
			isa = PBXGroup;
			children = (
				3AFA06D41E9919F7007084D0 /* FunkyNSDictionarySubclassTests.m */,
				3AFA06D61E991A02007084D0 /* FunkyNSMutableDictionarySubclassTests.m */,
				3AFA06D81E991A15007084D0 /* FunkyNilStoringNSDictionaryTests.m */,
				3AFA06DA1E991A24007084D0 /* FunkyNilTolerantNSDictionaryTests.m */,
			);
			path = Dictionary;
			sourceTree = "<group>";
		};
		3A2AF8761E96F847006ED09C /* Set */ = {
			isa = PBXGroup;
			children = (
				3AFA06C81E980337007084D0 /* FunkyNilStoringNSSetTests.m */,
				3AFA06CC1E980352007084D0 /* FunkyNilTolerantNSSetTests.m */,
				3AFA06D01E99099A007084D0 /* FunkyNSSetSubclassTests.m */,
				3AFA06D21E9909AA007084D0 /* FunkyNSMutableSetSubclassTests.m */,
			);
			path = Set;
			sourceTree = "<group>";
		};
		3A2AF8771E96F863006ED09C /* Dictionary */ = {
			isa = PBXGroup;
			children = (
				3A2AF8781E96F863006ED09C /* Mock */,
				3AF528AC1E97F1B20029015F /* FunkyNSDictionaryUtilitiesTests.m */,
				3AF528AE1E97F1CC0029015F /* FunkyNSDictionaryPrefixedUtilitiesTests.m */,
				3AF528B01E97F2430029015F /* FunkyNSMutableDictionaryUtilitiesTests.m */,
				3AF528B21E97F24D0029015F /* FunkyNSMutableDictionaryPrefixedUtilitiesTests.m */,
			);
			path = Dictionary;
			sourceTree = "<group>";
		};
		3A2AF8781E96F863006ED09C /* Mock */ = {
			isa = PBXGroup;
			children = (
				3AF528A91E97F0E50029015F /* MockedDictionaryUtilities.h */,
				3AF528AA1E97F0E50029015F /* MockedDictionaryUtilities.m */,
				3AF528B41E97F2660029015F /* MockedMutableDictionaryUtilities.h */,
				3AF528B51E97F2660029015F /* MockedMutableDictionaryUtilities.m */,
			);
			path = Mock;
			sourceTree = "<group>";
		};
		3A2AF8791E96F863006ED09C /* Object */ = {
			isa = PBXGroup;
			children = (
				3A2AF87A1E96F863006ED09C /* Mock */,
				3A2AF8811E96F8DA006ED09C /* FunkyNSObjectUtilitiesTests.m */,
				3A2AF88A1E96FEFA006ED09C /* FunkyNSObjectPrefixedUtilitiesTests.m */,
			);
			path = Object;
			sourceTree = "<group>";
		};
		3A2AF87A1E96F863006ED09C /* Mock */ = {
			isa = PBXGroup;
			children = (
				3A2AF8831E96FA1F006ED09C /* MockedObjectUtilities.h */,
				3A2AF8841E96FA1F006ED09C /* MockedObjectUtilities.m */,
			);
			path = Mock;
			sourceTree = "<group>";
		};
		3A2AF87B1E96F863006ED09C /* Set */ = {
			isa = PBXGroup;
			children = (
				3A2AF87C1E96F863006ED09C /* Mock */,
				3AFA06C01E97FCA7007084D0 /* FunkyNSSetUtilitiesTests.m */,
				3AFA06C21E97FCB5007084D0 /* FunkyNSMutableSetUtilitiesTests.m */,
				3AFA06C41E97FCC1007084D0 /* FunkyNSSetPrefixedUtilitiesTests.m */,
				3AFA06C61E97FCCF007084D0 /* FunkyNSMutableSetPrefixedUtilitiesTests.m */,
			);
			path = Set;
			sourceTree = "<group>";
		};
		3A2AF87C1E96F863006ED09C /* Mock */ = {
			isa = PBXGroup;
			children = (
				3AFA06BA1E97FC89007084D0 /* MockedSetUtilities.h */,
				3AFA06BB1E97FC89007084D0 /* MockedSetUtilities.m */,
				3AFA06BD1E97FC98007084D0 /* MockedMutableSetUtilities.h */,
				3AFA06BE1E97FC98007084D0 /* MockedMutableSetUtilities.m */,
			);
			path = Mock;
			sourceTree = "<group>";
		};
		6003F581195388D10070C39A = {
			isa = PBXGroup;
			children = (
				60FF7A9C1954A5C5007DD14C /* Podspec Metadata */,
				6003F593195388D20070C39A /* Example for Funky */,
				6003F5B5195388D20070C39A /* Tests */,
				6003F58C195388D20070C39A /* Frameworks */,
				6003F58B195388D20070C39A /* Products */,
				B863A91E89D53685709651A1 /* Pods */,
			);
			sourceTree = "<group>";
		};
		6003F58B195388D20070C39A /* Products */ = {
			isa = PBXGroup;
			children = (
				6003F58A195388D20070C39A /* Funky_Example.app */,
				6003F5AE195388D20070C39A /* Funky_Tests.xctest */,
			);
			name = Products;
			sourceTree = "<group>";
		};
		6003F58C195388D20070C39A /* Frameworks */ = {
			isa = PBXGroup;
			children = (
				6003F58D195388D20070C39A /* Foundation.framework */,
				6003F58F195388D20070C39A /* CoreGraphics.framework */,
				6003F591195388D20070C39A /* UIKit.framework */,
				6003F5AF195388D20070C39A /* XCTest.framework */,
				3B4FB3DEB95A7CF9258573DD /* Pods_Funky_Example.framework */,
				D9AB7CCF8E506B18696679F6 /* Pods_Funky_Tests.framework */,
			);
			name = Frameworks;
			sourceTree = "<group>";
		};
		6003F593195388D20070C39A /* Example for Funky */ = {
			isa = PBXGroup;
			children = (
				6003F59C195388D20070C39A /* FunkyAppDelegate.h */,
				6003F59D195388D20070C39A /* FunkyAppDelegate.m */,
				873B8AEA1B1F5CCA007FD442 /* Main.storyboard */,
				6003F5A5195388D20070C39A /* FunkyViewController.h */,
				6003F5A6195388D20070C39A /* FunkyViewController.m */,
				71719F9D1E33DC2100824A3D /* LaunchScreen.storyboard */,
				6003F5A8195388D20070C39A /* Images.xcassets */,
				6003F594195388D20070C39A /* Supporting Files */,
			);
			name = "Example for Funky";
			path = Funky;
			sourceTree = "<group>";
		};
		6003F594195388D20070C39A /* Supporting Files */ = {
			isa = PBXGroup;
			children = (
				6003F595195388D20070C39A /* Funky-Info.plist */,
				6003F596195388D20070C39A /* InfoPlist.strings */,
				6003F599195388D20070C39A /* main.m */,
				6003F59B195388D20070C39A /* Funky-Prefix.pch */,
			);
			name = "Supporting Files";
			sourceTree = "<group>";
		};
		6003F5B5195388D20070C39A /* Tests */ = {
			isa = PBXGroup;
			children = (
				3A0522291E87F2B400A10E4A /* Interfaces */,
				3A05222A1E87F2B400A10E4A /* Utilities */,
				3A05222C1E87F2B400A10E4A /* Sorting */,
				3A05222E1E87F2B400A10E4A /* Subclasses */,
				6003F5B6195388D20070C39A /* Supporting Files */,
			);
			path = Tests;
			sourceTree = "<group>";
		};
		6003F5B6195388D20070C39A /* Supporting Files */ = {
			isa = PBXGroup;
			children = (
				6003F5B7195388D20070C39A /* Tests-Info.plist */,
				6003F5B8195388D20070C39A /* InfoPlist.strings */,
				606FC2411953D9B200FFA9A0 /* Tests-Prefix.pch */,
			);
			name = "Supporting Files";
			sourceTree = "<group>";
		};
		60FF7A9C1954A5C5007DD14C /* Podspec Metadata */ = {
			isa = PBXGroup;
			children = (
				EF14B277059DDE0014A5ADDD /* FunkyObjC.podspec */,
				F38F184A1DF26439875A480C /* README.md */,
				4D582700A5044CD3B612A857 /* LICENSE */,
			);
			name = "Podspec Metadata";
			sourceTree = "<group>";
		};
		B863A91E89D53685709651A1 /* Pods */ = {
			isa = PBXGroup;
			children = (
				B2CEA67F446A347461104995 /* Pods-Funky_Example.debug.xcconfig */,
				99ACC254D846631E2D51D27F /* Pods-Funky_Example.release.xcconfig */,
				19B394B466610E6E349DFBD6 /* Pods-Funky_Tests.debug.xcconfig */,
				3C4D80BF1D440C5AF59D79B1 /* Pods-Funky_Tests.release.xcconfig */,
			);
			name = Pods;
			sourceTree = "<group>";
		};
/* End PBXGroup section */

/* Begin PBXNativeTarget section */
		6003F589195388D20070C39A /* Funky_Example */ = {
			isa = PBXNativeTarget;
			buildConfigurationList = 6003F5BF195388D20070C39A /* Build configuration list for PBXNativeTarget "Funky_Example" */;
			buildPhases = (
				05955C4805860C43B083D27D /* [CP] Check Pods Manifest.lock */,
				6003F586195388D20070C39A /* Sources */,
				6003F587195388D20070C39A /* Frameworks */,
				6003F588195388D20070C39A /* Resources */,
				F9EE56DDE5BA93447A803A9D /* [CP] Embed Pods Frameworks */,
				2108787BBFC89A8FB26B5D4A /* [CP] Copy Pods Resources */,
			);
			buildRules = (
			);
			dependencies = (
			);
			name = Funky_Example;
			productName = Funky;
			productReference = 6003F58A195388D20070C39A /* Funky_Example.app */;
			productType = "com.apple.product-type.application";
		};
		6003F5AD195388D20070C39A /* Funky_Tests */ = {
			isa = PBXNativeTarget;
			buildConfigurationList = 6003F5C2195388D20070C39A /* Build configuration list for PBXNativeTarget "Funky_Tests" */;
			buildPhases = (
				89022EC7661EA5FD48501AC2 /* [CP] Check Pods Manifest.lock */,
				6003F5AA195388D20070C39A /* Sources */,
				6003F5AB195388D20070C39A /* Frameworks */,
				6003F5AC195388D20070C39A /* Resources */,
				52E17DD38F68E466BFA6A6EC /* [CP] Embed Pods Frameworks */,
				3B4A38C5C9EECA11B4E1840E /* [CP] Copy Pods Resources */,
			);
			buildRules = (
			);
			dependencies = (
				6003F5B4195388D20070C39A /* PBXTargetDependency */,
			);
			name = Funky_Tests;
			productName = FunkyTests;
			productReference = 6003F5AE195388D20070C39A /* Funky_Tests.xctest */;
			productType = "com.apple.product-type.bundle.unit-test";
		};
/* End PBXNativeTarget section */

/* Begin PBXProject section */
		6003F582195388D10070C39A /* Project object */ = {
			isa = PBXProject;
			attributes = {
				CLASSPREFIX = Funky;
				LastUpgradeCheck = 0820;
				ORGANIZATIONNAME = tevelee;
				TargetAttributes = {
					6003F5AD195388D20070C39A = {
						TestTargetID = 6003F589195388D20070C39A;
					};
				};
			};
			buildConfigurationList = 6003F585195388D10070C39A /* Build configuration list for PBXProject "Funky" */;
			compatibilityVersion = "Xcode 3.2";
			developmentRegion = English;
			hasScannedForEncodings = 0;
			knownRegions = (
				en,
				Base,
			);
			mainGroup = 6003F581195388D10070C39A;
			productRefGroup = 6003F58B195388D20070C39A /* Products */;
			projectDirPath = "";
			projectRoot = "";
			targets = (
				6003F589195388D20070C39A /* Funky_Example */,
				6003F5AD195388D20070C39A /* Funky_Tests */,
			);
		};
/* End PBXProject section */

/* Begin PBXResourcesBuildPhase section */
		6003F588195388D20070C39A /* Resources */ = {
			isa = PBXResourcesBuildPhase;
			buildActionMask = 2147483647;
			files = (
				873B8AEB1B1F5CCA007FD442 /* Main.storyboard in Resources */,
				71719F9F1E33DC2100824A3D /* LaunchScreen.storyboard in Resources */,
				6003F5A9195388D20070C39A /* Images.xcassets in Resources */,
				6003F598195388D20070C39A /* InfoPlist.strings in Resources */,
			);
			runOnlyForDeploymentPostprocessing = 0;
		};
		6003F5AC195388D20070C39A /* Resources */ = {
			isa = PBXResourcesBuildPhase;
			buildActionMask = 2147483647;
			files = (
				6003F5BA195388D20070C39A /* InfoPlist.strings in Resources */,
			);
			runOnlyForDeploymentPostprocessing = 0;
		};
/* End PBXResourcesBuildPhase section */

/* Begin PBXShellScriptBuildPhase section */
		05955C4805860C43B083D27D /* [CP] Check Pods Manifest.lock */ = {
			isa = PBXShellScriptBuildPhase;
			buildActionMask = 2147483647;
			files = (
			);
			inputPaths = (
			);
			name = "[CP] Check Pods Manifest.lock";
			outputPaths = (
			);
			runOnlyForDeploymentPostprocessing = 0;
			shellPath = /bin/sh;
			shellScript = "diff \"${PODS_ROOT}/../Podfile.lock\" \"${PODS_ROOT}/Manifest.lock\" > /dev/null\nif [ $? != 0 ] ; then\n    # print error to STDERR\n    echo \"error: The sandbox is not in sync with the Podfile.lock. Run 'pod install' or update your CocoaPods installation.\" >&2\n    exit 1\nfi\n";
			showEnvVarsInLog = 0;
		};
		2108787BBFC89A8FB26B5D4A /* [CP] Copy Pods Resources */ = {
			isa = PBXShellScriptBuildPhase;
			buildActionMask = 2147483647;
			files = (
			);
			inputPaths = (
			);
			name = "[CP] Copy Pods Resources";
			outputPaths = (
			);
			runOnlyForDeploymentPostprocessing = 0;
			shellPath = /bin/sh;
			shellScript = "\"${SRCROOT}/Pods/Target Support Files/Pods-Funky_Example/Pods-Funky_Example-resources.sh\"\n";
			showEnvVarsInLog = 0;
		};
		3B4A38C5C9EECA11B4E1840E /* [CP] Copy Pods Resources */ = {
			isa = PBXShellScriptBuildPhase;
			buildActionMask = 2147483647;
			files = (
			);
			inputPaths = (
			);
			name = "[CP] Copy Pods Resources";
			outputPaths = (
			);
			runOnlyForDeploymentPostprocessing = 0;
			shellPath = /bin/sh;
			shellScript = "\"${SRCROOT}/Pods/Target Support Files/Pods-Funky_Tests/Pods-Funky_Tests-resources.sh\"\n";
			showEnvVarsInLog = 0;
		};
		52E17DD38F68E466BFA6A6EC /* [CP] Embed Pods Frameworks */ = {
			isa = PBXShellScriptBuildPhase;
			buildActionMask = 2147483647;
			files = (
			);
			inputPaths = (
			);
			name = "[CP] Embed Pods Frameworks";
			outputPaths = (
			);
			runOnlyForDeploymentPostprocessing = 0;
			shellPath = /bin/sh;
			shellScript = "\"${SRCROOT}/Pods/Target Support Files/Pods-Funky_Tests/Pods-Funky_Tests-frameworks.sh\"\n";
			showEnvVarsInLog = 0;
		};
		89022EC7661EA5FD48501AC2 /* [CP] Check Pods Manifest.lock */ = {
			isa = PBXShellScriptBuildPhase;
			buildActionMask = 2147483647;
			files = (
			);
			inputPaths = (
			);
			name = "[CP] Check Pods Manifest.lock";
			outputPaths = (
			);
			runOnlyForDeploymentPostprocessing = 0;
			shellPath = /bin/sh;
			shellScript = "diff \"${PODS_ROOT}/../Podfile.lock\" \"${PODS_ROOT}/Manifest.lock\" > /dev/null\nif [ $? != 0 ] ; then\n    # print error to STDERR\n    echo \"error: The sandbox is not in sync with the Podfile.lock. Run 'pod install' or update your CocoaPods installation.\" >&2\n    exit 1\nfi\n";
			showEnvVarsInLog = 0;
		};
		F9EE56DDE5BA93447A803A9D /* [CP] Embed Pods Frameworks */ = {
			isa = PBXShellScriptBuildPhase;
			buildActionMask = 2147483647;
			files = (
			);
			inputPaths = (
			);
			name = "[CP] Embed Pods Frameworks";
			outputPaths = (
			);
			runOnlyForDeploymentPostprocessing = 0;
			shellPath = /bin/sh;
			shellScript = "\"${SRCROOT}/Pods/Target Support Files/Pods-Funky_Example/Pods-Funky_Example-frameworks.sh\"\n";
			showEnvVarsInLog = 0;
		};
/* End PBXShellScriptBuildPhase section */

/* Begin PBXSourcesBuildPhase section */
		6003F586195388D20070C39A /* Sources */ = {
			isa = PBXSourcesBuildPhase;
			buildActionMask = 2147483647;
			files = (
				6003F59E195388D20070C39A /* FunkyAppDelegate.m in Sources */,
				6003F5A7195388D20070C39A /* FunkyViewController.m in Sources */,
				6003F59A195388D20070C39A /* main.m in Sources */,
			);
			runOnlyForDeploymentPostprocessing = 0;
		};
		6003F5AA195388D20070C39A /* Sources */ = {
			isa = PBXSourcesBuildPhase;
			buildActionMask = 2147483647;
			files = (
				3AF528B11E97F2430029015F /* FunkyNSMutableDictionaryUtilitiesTests.m in Sources */,
				3AFA06D71E991A02007084D0 /* FunkyNSMutableDictionarySubclassTests.m in Sources */,
				3A05223E1E87F38C00A10E4A /* FunkyArrayUtilitiesTests.m in Sources */,
				3AF528B61E97F2660029015F /* MockedMutableDictionaryUtilities.m in Sources */,
				3AFA06BF1E97FC98007084D0 /* MockedMutableSetUtilities.m in Sources */,
				3AFA06D91E991A15007084D0 /* FunkyNilStoringNSDictionaryTests.m in Sources */,
				3A05223D1E87F38C00A10E4A /* FunkyCollectionUtilitiesOnArrayTests.m in Sources */,
				3AFA06C51E97FCC1007084D0 /* FunkyNSSetPrefixedUtilitiesTests.m in Sources */,
				3A0522321E87F2B400A10E4A /* FunkyArraySortTests.m in Sources */,
				3AFA06B81E97F902007084D0 /* MockedArrayUtilities.m in Sources */,
				3AFA06CD1E980352007084D0 /* FunkyNilTolerantNSSetTests.m in Sources */,
				3AF528AF1E97F1CC0029015F /* FunkyNSDictionaryPrefixedUtilitiesTests.m in Sources */,
				3A05223A1E87F38C00A10E4A /* FunkyObjectUtilitiesTests.m in Sources */,
				3AFA06B91E97F902007084D0 /* MockedMutableArrayUtilities.m in Sources */,
				3A2AF8681E96F800006ED09C /* FunkyNSMutableArrayPrefixedUtilitiesTests.m in Sources */,
				3A2AF8731E96F818006ED09C /* FunkyNSArraySubclassTests.m in Sources */,
				3AFA06BC1E97FC89007084D0 /* MockedSetUtilities.m in Sources */,
				3AFA06C71E97FCCF007084D0 /* FunkyNSMutableSetPrefixedUtilitiesTests.m in Sources */,
				3AFA06C11E97FCA7007084D0 /* FunkyNSSetUtilitiesTests.m in Sources */,
				3A2AF88B1E96FEFA006ED09C /* FunkyNSObjectPrefixedUtilitiesTests.m in Sources */,
				3A2AF8691E96F800006ED09C /* FunkyNSMutableArrayUtilitiesTests.m in Sources */,
				3AF528AD1E97F1B20029015F /* FunkyNSDictionaryUtilitiesTests.m in Sources */,
				3AFA06D31E9909AA007084D0 /* FunkyNSMutableSetSubclassTests.m in Sources */,
				3AFA06C31E97FCB5007084D0 /* FunkyNSMutableSetUtilitiesTests.m in Sources */,
				3A2AF8851E96FA1F006ED09C /* MockedObjectUtilities.m in Sources */,
				3AFA06DB1E991A24007084D0 /* FunkyNilTolerantNSDictionaryTests.m in Sources */,
				3A05223C1E87F38C00A10E4A /* FunkyCollectionUtilitiesOnSetTests.m in Sources */,
				3A2AF8721E96F818006ED09C /* FunkyNilTolerantNSArrayTests.m in Sources */,
				3AFA06C91E980337007084D0 /* FunkyNilStoringNSSetTests.m in Sources */,
				3AF528AB1E97F0E50029015F /* MockedDictionaryUtilities.m in Sources */,
				3A0522571E887AC600A10E4A /* FunkyArrayFilterTests.m in Sources */,
				3A2AF8711E96F818006ED09C /* FunkyNilStoringNSArrayTests.m in Sources */,
				3A2AF8671E96F800006ED09C /* FunkyNSArrayUtilitiesTests.m in Sources */,
				3AFA06D11E99099A007084D0 /* FunkyNSSetSubclassTests.m in Sources */,
				3AFA06D51E9919F7007084D0 /* FunkyNSDictionarySubclassTests.m in Sources */,
				3AF528B31E97F24D0029015F /* FunkyNSMutableDictionaryPrefixedUtilitiesTests.m in Sources */,
				3A2AF8821E96F8DA006ED09C /* FunkyNSObjectUtilitiesTests.m in Sources */,
				3A2AF8661E96F800006ED09C /* FunkyNSArrayPrefixedUtilitiesTests.m in Sources */,
				3A2AF8741E96F818006ED09C /* FunkyNSMutableArraySubclassTests.m in Sources */,
				3A05223B1E87F38C00A10E4A /* FunkyDictionaryUtilitiesTests.m in Sources */,
			);
			runOnlyForDeploymentPostprocessing = 0;
		};
/* End PBXSourcesBuildPhase section */

/* Begin PBXTargetDependency section */
		6003F5B4195388D20070C39A /* PBXTargetDependency */ = {
			isa = PBXTargetDependency;
			target = 6003F589195388D20070C39A /* Funky_Example */;
			targetProxy = 6003F5B3195388D20070C39A /* PBXContainerItemProxy */;
		};
/* End PBXTargetDependency section */

/* Begin PBXVariantGroup section */
		6003F596195388D20070C39A /* InfoPlist.strings */ = {
			isa = PBXVariantGroup;
			children = (
				6003F597195388D20070C39A /* en */,
			);
			name = InfoPlist.strings;
			sourceTree = "<group>";
		};
		6003F5B8195388D20070C39A /* InfoPlist.strings */ = {
			isa = PBXVariantGroup;
			children = (
				6003F5B9195388D20070C39A /* en */,
			);
			name = InfoPlist.strings;
			sourceTree = "<group>";
		};
		71719F9D1E33DC2100824A3D /* LaunchScreen.storyboard */ = {
			isa = PBXVariantGroup;
			children = (
				71719F9E1E33DC2100824A3D /* Base */,
			);
			name = LaunchScreen.storyboard;
			sourceTree = "<group>";
		};
/* End PBXVariantGroup section */

/* Begin XCBuildConfiguration section */
		6003F5BD195388D20070C39A /* Debug */ = {
			isa = XCBuildConfiguration;
			buildSettings = {
				ALWAYS_SEARCH_USER_PATHS = NO;
				CLANG_CXX_LANGUAGE_STANDARD = "gnu++0x";
				CLANG_CXX_LIBRARY = "libc++";
				CLANG_ENABLE_MODULES = YES;
				CLANG_ENABLE_OBJC_ARC = YES;
				CLANG_WARN_BOOL_CONVERSION = YES;
				CLANG_WARN_CONSTANT_CONVERSION = YES;
				CLANG_WARN_DIRECT_OBJC_ISA_USAGE = YES_ERROR;
				CLANG_WARN_EMPTY_BODY = YES;
				CLANG_WARN_ENUM_CONVERSION = YES;
				CLANG_WARN_INFINITE_RECURSION = YES;
				CLANG_WARN_INT_CONVERSION = YES;
				CLANG_WARN_OBJC_ROOT_CLASS = YES_ERROR;
				CLANG_WARN_SUSPICIOUS_MOVE = YES;
				CLANG_WARN_UNREACHABLE_CODE = YES;
				CLANG_WARN__DUPLICATE_METHOD_MATCH = YES;
				"CODE_SIGN_IDENTITY[sdk=iphoneos*]" = "iPhone Developer";
				COPY_PHASE_STRIP = NO;
				ENABLE_STRICT_OBJC_MSGSEND = YES;
				ENABLE_TESTABILITY = YES;
				GCC_C_LANGUAGE_STANDARD = gnu99;
				GCC_DYNAMIC_NO_PIC = NO;
				GCC_NO_COMMON_BLOCKS = YES;
				GCC_OPTIMIZATION_LEVEL = 0;
				GCC_PREPROCESSOR_DEFINITIONS = (
					"DEBUG=1",
					"$(inherited)",
				);
				GCC_SYMBOLS_PRIVATE_EXTERN = NO;
				GCC_WARN_64_TO_32_BIT_CONVERSION = YES;
				GCC_WARN_ABOUT_RETURN_TYPE = YES_ERROR;
				GCC_WARN_UNDECLARED_SELECTOR = YES;
				GCC_WARN_UNINITIALIZED_AUTOS = YES_AGGRESSIVE;
				GCC_WARN_UNUSED_FUNCTION = YES;
				GCC_WARN_UNUSED_VARIABLE = YES;
				IPHONEOS_DEPLOYMENT_TARGET = 8.3;
				ONLY_ACTIVE_ARCH = YES;
				SDKROOT = iphoneos;
				TARGETED_DEVICE_FAMILY = "1,2";
			};
			name = Debug;
		};
		6003F5BE195388D20070C39A /* Release */ = {
			isa = XCBuildConfiguration;
			buildSettings = {
				ALWAYS_SEARCH_USER_PATHS = NO;
				CLANG_CXX_LANGUAGE_STANDARD = "gnu++0x";
				CLANG_CXX_LIBRARY = "libc++";
				CLANG_ENABLE_MODULES = YES;
				CLANG_ENABLE_OBJC_ARC = YES;
				CLANG_WARN_BOOL_CONVERSION = YES;
				CLANG_WARN_CONSTANT_CONVERSION = YES;
				CLANG_WARN_DIRECT_OBJC_ISA_USAGE = YES_ERROR;
				CLANG_WARN_EMPTY_BODY = YES;
				CLANG_WARN_ENUM_CONVERSION = YES;
				CLANG_WARN_INFINITE_RECURSION = YES;
				CLANG_WARN_INT_CONVERSION = YES;
				CLANG_WARN_OBJC_ROOT_CLASS = YES_ERROR;
				CLANG_WARN_SUSPICIOUS_MOVE = YES;
				CLANG_WARN_UNREACHABLE_CODE = YES;
				CLANG_WARN__DUPLICATE_METHOD_MATCH = YES;
				"CODE_SIGN_IDENTITY[sdk=iphoneos*]" = "iPhone Developer";
				COPY_PHASE_STRIP = YES;
				ENABLE_NS_ASSERTIONS = NO;
				ENABLE_STRICT_OBJC_MSGSEND = YES;
				GCC_C_LANGUAGE_STANDARD = gnu99;
				GCC_NO_COMMON_BLOCKS = YES;
				GCC_WARN_64_TO_32_BIT_CONVERSION = YES;
				GCC_WARN_ABOUT_RETURN_TYPE = YES_ERROR;
				GCC_WARN_UNDECLARED_SELECTOR = YES;
				GCC_WARN_UNINITIALIZED_AUTOS = YES_AGGRESSIVE;
				GCC_WARN_UNUSED_FUNCTION = YES;
				GCC_WARN_UNUSED_VARIABLE = YES;
				IPHONEOS_DEPLOYMENT_TARGET = 8.3;
				SDKROOT = iphoneos;
				TARGETED_DEVICE_FAMILY = "1,2";
				VALIDATE_PRODUCT = YES;
			};
			name = Release;
		};
		6003F5C0195388D20070C39A /* Debug */ = {
			isa = XCBuildConfiguration;
			baseConfigurationReference = B2CEA67F446A347461104995 /* Pods-Funky_Example.debug.xcconfig */;
			buildSettings = {
				ASSETCATALOG_COMPILER_APPICON_NAME = AppIcon;
				GCC_PRECOMPILE_PREFIX_HEADER = YES;
				GCC_PREFIX_HEADER = "Funky/Funky-Prefix.pch";
				INFOPLIST_FILE = "Funky/Funky-Info.plist";
				MODULE_NAME = ExampleApp;
				PRODUCT_BUNDLE_IDENTIFIER = "org.cocoapods.demo.${PRODUCT_NAME:rfc1034identifier}";
				PRODUCT_NAME = "$(TARGET_NAME)";
				WRAPPER_EXTENSION = app;
			};
			name = Debug;
		};
		6003F5C1195388D20070C39A /* Release */ = {
			isa = XCBuildConfiguration;
			baseConfigurationReference = 99ACC254D846631E2D51D27F /* Pods-Funky_Example.release.xcconfig */;
			buildSettings = {
				ASSETCATALOG_COMPILER_APPICON_NAME = AppIcon;
				GCC_PRECOMPILE_PREFIX_HEADER = YES;
				GCC_PREFIX_HEADER = "Funky/Funky-Prefix.pch";
				INFOPLIST_FILE = "Funky/Funky-Info.plist";
				MODULE_NAME = ExampleApp;
				PRODUCT_BUNDLE_IDENTIFIER = "org.cocoapods.demo.${PRODUCT_NAME:rfc1034identifier}";
				PRODUCT_NAME = "$(TARGET_NAME)";
				WRAPPER_EXTENSION = app;
			};
			name = Release;
		};
		6003F5C3195388D20070C39A /* Debug */ = {
			isa = XCBuildConfiguration;
			baseConfigurationReference = 19B394B466610E6E349DFBD6 /* Pods-Funky_Tests.debug.xcconfig */;
			buildSettings = {
				BUNDLE_LOADER = "$(TEST_HOST)";
				FRAMEWORK_SEARCH_PATHS = (
					"$(SDKROOT)/Developer/Library/Frameworks",
					"$(inherited)",
					"$(DEVELOPER_FRAMEWORKS_DIR)",
				);
				GCC_PRECOMPILE_PREFIX_HEADER = YES;
				GCC_PREFIX_HEADER = "Tests/Tests-Prefix.pch";
				GCC_PREPROCESSOR_DEFINITIONS = (
					"DEBUG=1",
					"$(inherited)",
				);
				INFOPLIST_FILE = "Tests/Tests-Info.plist";
				PRODUCT_BUNDLE_IDENTIFIER = "org.cocoapods.demo.${PRODUCT_NAME:rfc1034identifier}";
				PRODUCT_NAME = "$(TARGET_NAME)";
				TEST_HOST = "$(BUILT_PRODUCTS_DIR)/Funky_Example.app/Funky_Example";
				WRAPPER_EXTENSION = xctest;
			};
			name = Debug;
		};
		6003F5C4195388D20070C39A /* Release */ = {
			isa = XCBuildConfiguration;
			baseConfigurationReference = 3C4D80BF1D440C5AF59D79B1 /* Pods-Funky_Tests.release.xcconfig */;
			buildSettings = {
				BUNDLE_LOADER = "$(TEST_HOST)";
				FRAMEWORK_SEARCH_PATHS = (
					"$(SDKROOT)/Developer/Library/Frameworks",
					"$(inherited)",
					"$(DEVELOPER_FRAMEWORKS_DIR)",
				);
				GCC_PRECOMPILE_PREFIX_HEADER = YES;
				GCC_PREFIX_HEADER = "Tests/Tests-Prefix.pch";
				INFOPLIST_FILE = "Tests/Tests-Info.plist";
				PRODUCT_BUNDLE_IDENTIFIER = "org.cocoapods.demo.${PRODUCT_NAME:rfc1034identifier}";
				PRODUCT_NAME = "$(TARGET_NAME)";
				TEST_HOST = "$(BUILT_PRODUCTS_DIR)/Funky_Example.app/Funky_Example";
				WRAPPER_EXTENSION = xctest;
			};
			name = Release;
		};
/* End XCBuildConfiguration section */

/* Begin XCConfigurationList section */
		6003F585195388D10070C39A /* Build configuration list for PBXProject "Funky" */ = {
			isa = XCConfigurationList;
			buildConfigurations = (
				6003F5BD195388D20070C39A /* Debug */,
				6003F5BE195388D20070C39A /* Release */,
			);
			defaultConfigurationIsVisible = 0;
			defaultConfigurationName = Release;
		};
		6003F5BF195388D20070C39A /* Build configuration list for PBXNativeTarget "Funky_Example" */ = {
			isa = XCConfigurationList;
			buildConfigurations = (
				6003F5C0195388D20070C39A /* Debug */,
				6003F5C1195388D20070C39A /* Release */,
			);
			defaultConfigurationIsVisible = 0;
			defaultConfigurationName = Release;
		};
		6003F5C2195388D20070C39A /* Build configuration list for PBXNativeTarget "Funky_Tests" */ = {
			isa = XCConfigurationList;
			buildConfigurations = (
				6003F5C3195388D20070C39A /* Debug */,
				6003F5C4195388D20070C39A /* Release */,
			);
			defaultConfigurationIsVisible = 0;
			defaultConfigurationName = Release;
		};
/* End XCConfigurationList section */
	};
	rootObject = 6003F582195388D10070C39A /* Project object */;
}
